{
    "ant_lib": {
        "org.apache.ant:ant-junit": {
            "locked": "1.10.1",
            "requested": "1.10.1"
        }
    },
    "mps": {
        "com.jetbrains:mps": {
            "locked": "2019.2.1",
            "requested": "2019.2.1"
        }
    },
    "mpsExtensions": {
        "de.itemis.mps:extensions": {
            "locked": "2019.2.1104.9a69960",
            "requested": "2019.2.+"
        }
    }
}