{
    "ant_lib": {
        "org.apache.ant:ant-junit": {
            "locked": "1.10.1",
            "requested": "1.10.1"
        }
    },
    "mps": {
        "com.jetbrains:mps": {
            "locked": "2018.2.5",
            "requested": "2018.2.5"
        }
    },
    "mpsExtensions": {
        "de.itemis.mps:extensions": {
            "locked": "2018.2.379.7ad274d",
            "requested": "2018.2.+"
        }
    }
}